
Microsoft Visual Studio Solution File, Format Version 12.00
# Visual Studio Version 16
VisualStudioVersion = 16.0.30320.27
MinimumVisualStudioVersion = 10.0.40219.1
Project("{FAE04EC0-301F-11D3-BF4B-00C04F79EFBC}") = "SimpleCalculator", "SimpleCalculator\SimpleCalculator.csproj", "{7C1F6EC9-5E06-4A31-B9A9-CDCF66156810}"
EndProject
Global
	GlobalSection(SolutionConfigurationPlatforms) = preSolution
		Debug|Any CPU = Debug|Any CPU
		Release|Any CPU = Release|Any CPU
	EndGlobalSection
	GlobalSection(ProjectConfigurationPlatforms) = postSolution
		{7C1F6EC9-5E06-4A31-B9A9-CDCF66156810}.Debug|Any CPU.ActiveCfg = Debug|Any CPU
		{7C1F6EC9-5E06-4A31-B9A9-CDCF66156810}.Debug|Any CPU.Build.0 = Debug|Any CPU
		{7C1F6EC9-5E06-4A31-B9A9-CDCF66156810}.Release|Any CPU.ActiveCfg = Release|Any CPU
		{7C1F6EC9-5E06-4A31-B9A9-CDCF66156810}.Release|Any CPU.Build.0 = Release|Any CPU
	EndGlobalSection
	GlobalSection(SolutionProperties) = preSolution
		HideSolutionNode = FALSE
	EndGlobalSection
	GlobalSection(ExtensibilityGlobals) = postSolution
		SolutionGuid = {5B6B1E4D-7ED6-4DE2-B3CF-79E8A0B05ED5}
	EndGlobalSection
EndGlobal
